{
  "name": "hue-api",
  "version": "0.0.1",
  "lockfileVersion": 1,
  "requires": true,
  "dependencies": {
    "@q42philips/hue-color-converter": {
      "version": "1.0.0",
      "resolved": "https://registry.npmjs.org/@q42philips/hue-color-converter/-/hue-color-converter-1.0.0.tgz",
      "integrity": "sha1-JR18qEAt2OOlhrqBjNfuoTEpUik="
    },
    "colorname-to-xy": {
      "version": "0.0.2",
      "resolved": "https://registry.npmjs.org/colorname-to-xy/-/colorname-to-xy-0.0.2.tgz",
      "integrity": "sha512-NpuQQ0KeIpf58RrXdtx0SCXok51c1KLM4W9OAjPcBZBHlO3a2Fr6f4+K0mP31uImgGgJeBXxuC/3Hmvfd6CfcQ==",
      "requires": {
        "@q42philips/hue-color-converter": "1.0.0",
        "colornames": "1.1.1",
        "hex-rgb": "1.0.0"
      }
    },
    "colornames": {
      "version": "1.1.1",
      "resolved": "https://registry.npmjs.org/colornames/-/colornames-1.1.1.tgz",
      "integrity": "sha1-+IiQMGhcfE/54qVZ9Qd+t2qBb5Y="
    },
    "hex-color-regex": {
      "version": "1.0.3",
      "resolved": "https://registry.npmjs.org/hex-color-regex/-/hex-color-regex-1.0.3.tgz",
      "integrity": "sha1-IXVpO8KS/gZxGwT67pAEeQkm+bA="
    },
    "hex-rgb": {
      "version": "1.0.0",
      "resolved": "https://registry.npmjs.org/hex-rgb/-/hex-rgb-1.0.0.tgz",
      "integrity": "sha1-UyJ1aXy5gj4FJCmxhMZ4HUbP30k="
    },
    "hex-to-xy": {
      "version": "0.0.2",
      "resolved": "https://registry.npmjs.org/hex-to-xy/-/hex-to-xy-0.0.2.tgz",
      "integrity": "sha512-K5GXrwAxXvacLl0uRLYVcpiuOTgOrO3kgrio5lJXrxw/8D3zOTu3HzSjb27R8vjm2iHvGU11b0VD49IhZwq0jA==",
      "requires": {
        "@q42philips/hue-color-converter": "1.0.0",
        "hex-rgb": "1.0.0"
      }
    },
    "is-hexcolor": {
      "version": "1.0.0",
      "resolved": "https://registry.npmjs.org/is-hexcolor/-/is-hexcolor-1.0.0.tgz",
      "integrity": "sha1-SV/uGhK6rwCcECp5m97DGTIRJ0o=",
      "requires": {
        "hex-color-regex": "1.0.3"
      }
    },
    "lodash": {
      "version": "4.17.4",
      "resolved": "https://registry.npmjs.org/lodash/-/lodash-4.17.4.tgz",
      "integrity": "sha1-eCA6TRwyiuHYbcpkYONptX9AVa4="
    }
  }
}
